
Microsoft Visual Studio Solution File, Format Version 12.00
# Visual Studio 14
VisualStudioVersion = 14.0.22210.0
MinimumVisualStudioVersion = 10.0.40219.1
Project("{2150E333-8FDC-42A3-9474-1A3956D46DE8}") = "src", "src", "{D6F640AF-CDA9-4897-BC87-F5DAB4DFE002}"
EndProject
Project("{8BB2217D-0F2D-49D1-97BC-3654ED321F3B}") = "LibraryAlpha", "src\LibraryAlpha\LibraryAlpha.kproj", "{4442D124-778C-4357-9EF0-AF1BFA811287}"
EndProject
Project("{2150E333-8FDC-42A3-9474-1A3956D46DE8}") = "Solution Items", "Solution Items", "{67D393F1-1D9B-49A3-B798-8D61A1A68A43}"
	ProjectSection(SolutionItems) = preProject
		global.json = global.json
	EndProjectSection
EndProject
Project("{FAE04EC0-301F-11D3-BF4B-00C04F79EFBC}") = "LibraryBeta.PCL", "src\LibraryBeta.PCL\LibraryBeta.PCL.csproj", "{9D226268-F5BE-4168-9309-CE7862C7D73A}"
EndProject
Project("{FAE04EC0-301F-11D3-BF4B-00C04F79EFBC}") = "LibraryBeta.PCL.Desktop", "src\LibraryBeta.PCL.Desktop\LibraryBeta.PCL.Desktop.csproj", "{53875A93-536E-40F3-BA42-20C13A4CF6EA}"
EndProject
Project("{8BB2217D-0F2D-49D1-97BC-3654ED321F3B}") = "LibraryBeta", "src\LibraryBeta\LibraryBeta.kproj", "{8B872858-B634-4AF6-8A14-A81D24885C5B}"
EndProject
Project("{FAE04EC0-301F-11D3-BF4B-00C04F79EFBC}") = "LibraryBeta.PCL.Phone", "src\LibraryBeta.PCL.Phone\LibraryBeta.PCL.Phone.csproj", "{70CDA7A6-B968-470E-8A36-FEC361D0CEE9}"
EndProject
Project("{8BB2217D-0F2D-49D1-97BC-3654ED321F3B}") = "ConsoleDelta", "src\ConsoleDelta\ConsoleDelta.kproj", "{42CDCE42-CD6F-4856-8F7A-A334AA4170AB}"
EndProject
Project("{FAE04EC0-301F-11D3-BF4B-00C04F79EFBC}") = "LibraryGamma", "src\LibraryGamma\LibraryGamma.csproj", "{C4C0C785-BE10-48FF-9802-C1E09A1BE8A6}"
EndProject
Project("{8BB2217D-0F2D-49D1-97BC-3654ED321F3B}") = "LibraryGamma", "src\LibraryGamma\LibraryGamma.kproj", "{67E68638-F07F-4D70-9428-48B4EB78E216}"
EndProject
Project("{2150E333-8FDC-42A3-9474-1A3956D46DE8}") = "Ignore Me", "Ignore Me", "{9A7A023E-1EE6-4B9C-9F11-F25A2AD2E82B}"
EndProject
Project("{FAE04EC0-301F-11D3-BF4B-00C04F79EFBC}") = "LibraryEpsilon", "src\LibraryEpsilon\LibraryEpsilon.csproj", "{5B10A194-2518-4A21-B20D-67B33464D898}"
EndProject
Project("{FAE04EC0-301F-11D3-BF4B-00C04F79EFBC}") = "ConsoleApplication1", "src\ConsoleApplication1\ConsoleApplication1.csproj", "{8231B2FC-08CA-4852-A0A7-71B42D8B5967}"
EndProject
Global
	GlobalSection(SolutionConfigurationPlatforms) = preSolution
		Debug|Any CPU = Debug|Any CPU
		Debug|ARM = Debug|ARM
		Debug|x86 = Debug|x86
		Release|Any CPU = Release|Any CPU
		Release|ARM = Release|ARM
		Release|x86 = Release|x86
	EndGlobalSection
	GlobalSection(ProjectConfigurationPlatforms) = postSolution
		{4442D124-778C-4357-9EF0-AF1BFA811287}.Debug|Any CPU.ActiveCfg = Debug|Any CPU
		{4442D124-778C-4357-9EF0-AF1BFA811287}.Debug|Any CPU.Build.0 = Debug|Any CPU
		{4442D124-778C-4357-9EF0-AF1BFA811287}.Debug|ARM.ActiveCfg = Debug|Any CPU
		{4442D124-778C-4357-9EF0-AF1BFA811287}.Debug|x86.ActiveCfg = Debug|Any CPU
		{4442D124-778C-4357-9EF0-AF1BFA811287}.Release|Any CPU.ActiveCfg = Release|Any CPU
		{4442D124-778C-4357-9EF0-AF1BFA811287}.Release|Any CPU.Build.0 = Release|Any CPU
		{4442D124-778C-4357-9EF0-AF1BFA811287}.Release|ARM.ActiveCfg = Release|Any CPU
		{4442D124-778C-4357-9EF0-AF1BFA811287}.Release|x86.ActiveCfg = Release|Any CPU
		{9D226268-F5BE-4168-9309-CE7862C7D73A}.Debug|Any CPU.ActiveCfg = Debug|Any CPU
		{9D226268-F5BE-4168-9309-CE7862C7D73A}.Debug|Any CPU.Build.0 = Debug|Any CPU
		{9D226268-F5BE-4168-9309-CE7862C7D73A}.Debug|ARM.ActiveCfg = Debug|Any CPU
		{9D226268-F5BE-4168-9309-CE7862C7D73A}.Debug|x86.ActiveCfg = Debug|Any CPU
		{9D226268-F5BE-4168-9309-CE7862C7D73A}.Release|Any CPU.ActiveCfg = Release|Any CPU
		{9D226268-F5BE-4168-9309-CE7862C7D73A}.Release|Any CPU.Build.0 = Release|Any CPU
		{9D226268-F5BE-4168-9309-CE7862C7D73A}.Release|ARM.ActiveCfg = Release|Any CPU
		{9D226268-F5BE-4168-9309-CE7862C7D73A}.Release|x86.ActiveCfg = Release|Any CPU
		{53875A93-536E-40F3-BA42-20C13A4CF6EA}.Debug|Any CPU.ActiveCfg = Debug|Any CPU
		{53875A93-536E-40F3-BA42-20C13A4CF6EA}.Debug|Any CPU.Build.0 = Debug|Any CPU
		{53875A93-536E-40F3-BA42-20C13A4CF6EA}.Debug|ARM.ActiveCfg = Debug|Any CPU
		{53875A93-536E-40F3-BA42-20C13A4CF6EA}.Debug|x86.ActiveCfg = Debug|Any CPU
		{53875A93-536E-40F3-BA42-20C13A4CF6EA}.Release|Any CPU.ActiveCfg = Release|Any CPU
		{53875A93-536E-40F3-BA42-20C13A4CF6EA}.Release|Any CPU.Build.0 = Release|Any CPU
		{53875A93-536E-40F3-BA42-20C13A4CF6EA}.Release|ARM.ActiveCfg = Release|Any CPU
		{53875A93-536E-40F3-BA42-20C13A4CF6EA}.Release|x86.ActiveCfg = Release|Any CPU
		{8B872858-B634-4AF6-8A14-A81D24885C5B}.Debug|Any CPU.ActiveCfg = Debug|Any CPU
		{8B872858-B634-4AF6-8A14-A81D24885C5B}.Debug|Any CPU.Build.0 = Debug|Any CPU
		{8B872858-B634-4AF6-8A14-A81D24885C5B}.Debug|ARM.ActiveCfg = Debug|Any CPU
		{8B872858-B634-4AF6-8A14-A81D24885C5B}.Debug|x86.ActiveCfg = Debug|Any CPU
		{8B872858-B634-4AF6-8A14-A81D24885C5B}.Release|Any CPU.ActiveCfg = Release|Any CPU
		{8B872858-B634-4AF6-8A14-A81D24885C5B}.Release|Any CPU.Build.0 = Release|Any CPU
		{8B872858-B634-4AF6-8A14-A81D24885C5B}.Release|ARM.ActiveCfg = Release|Any CPU
		{8B872858-B634-4AF6-8A14-A81D24885C5B}.Release|x86.ActiveCfg = Release|Any CPU
		{70CDA7A6-B968-470E-8A36-FEC361D0CEE9}.Debug|Any CPU.ActiveCfg = Debug|Any CPU
		{70CDA7A6-B968-470E-8A36-FEC361D0CEE9}.Debug|Any CPU.Build.0 = Debug|Any CPU
		{70CDA7A6-B968-470E-8A36-FEC361D0CEE9}.Debug|ARM.ActiveCfg = Debug|ARM
		{70CDA7A6-B968-470E-8A36-FEC361D0CEE9}.Debug|ARM.Build.0 = Debug|ARM
		{70CDA7A6-B968-470E-8A36-FEC361D0CEE9}.Debug|x86.ActiveCfg = Debug|x86
		{70CDA7A6-B968-470E-8A36-FEC361D0CEE9}.Debug|x86.Build.0 = Debug|x86
		{70CDA7A6-B968-470E-8A36-FEC361D0CEE9}.Release|Any CPU.ActiveCfg = Release|Any CPU
		{70CDA7A6-B968-470E-8A36-FEC361D0CEE9}.Release|Any CPU.Build.0 = Release|Any CPU
		{70CDA7A6-B968-470E-8A36-FEC361D0CEE9}.Release|ARM.ActiveCfg = Release|ARM
		{70CDA7A6-B968-470E-8A36-FEC361D0CEE9}.Release|ARM.Build.0 = Release|ARM
		{70CDA7A6-B968-470E-8A36-FEC361D0CEE9}.Release|x86.ActiveCfg = Release|x86
		{70CDA7A6-B968-470E-8A36-FEC361D0CEE9}.Release|x86.Build.0 = Release|x86
		{42CDCE42-CD6F-4856-8F7A-A334AA4170AB}.Debug|Any CPU.ActiveCfg = Debug|Any CPU
		{42CDCE42-CD6F-4856-8F7A-A334AA4170AB}.Debug|Any CPU.Build.0 = Debug|Any CPU
		{42CDCE42-CD6F-4856-8F7A-A334AA4170AB}.Debug|ARM.ActiveCfg = Debug|Any CPU
		{42CDCE42-CD6F-4856-8F7A-A334AA4170AB}.Debug|x86.ActiveCfg = Debug|Any CPU
		{42CDCE42-CD6F-4856-8F7A-A334AA4170AB}.Release|Any CPU.ActiveCfg = Release|Any CPU
		{42CDCE42-CD6F-4856-8F7A-A334AA4170AB}.Release|Any CPU.Build.0 = Release|Any CPU
		{42CDCE42-CD6F-4856-8F7A-A334AA4170AB}.Release|ARM.ActiveCfg = Release|Any CPU
		{42CDCE42-CD6F-4856-8F7A-A334AA4170AB}.Release|x86.ActiveCfg = Release|Any CPU
		{C4C0C785-BE10-48FF-9802-C1E09A1BE8A6}.Debug|Any CPU.ActiveCfg = Debug|Any CPU
		{C4C0C785-BE10-48FF-9802-C1E09A1BE8A6}.Debug|Any CPU.Build.0 = Debug|Any CPU
		{C4C0C785-BE10-48FF-9802-C1E09A1BE8A6}.Debug|ARM.ActiveCfg = Debug|Any CPU
		{C4C0C785-BE10-48FF-9802-C1E09A1BE8A6}.Debug|x86.ActiveCfg = Debug|Any CPU
		{C4C0C785-BE10-48FF-9802-C1E09A1BE8A6}.Release|Any CPU.ActiveCfg = Release|Any CPU
		{C4C0C785-BE10-48FF-9802-C1E09A1BE8A6}.Release|Any CPU.Build.0 = Release|Any CPU
		{C4C0C785-BE10-48FF-9802-C1E09A1BE8A6}.Release|ARM.ActiveCfg = Release|Any CPU
		{C4C0C785-BE10-48FF-9802-C1E09A1BE8A6}.Release|x86.ActiveCfg = Release|Any CPU
		{67E68638-F07F-4D70-9428-48B4EB78E216}.Debug|Any CPU.ActiveCfg = Debug|Any CPU
		{67E68638-F07F-4D70-9428-48B4EB78E216}.Debug|Any CPU.Build.0 = Debug|Any CPU
		{67E68638-F07F-4D70-9428-48B4EB78E216}.Debug|ARM.ActiveCfg = Debug|Any CPU
		{67E68638-F07F-4D70-9428-48B4EB78E216}.Debug|x86.ActiveCfg = Debug|Any CPU
		{67E68638-F07F-4D70-9428-48B4EB78E216}.Release|Any CPU.ActiveCfg = Release|Any CPU
		{67E68638-F07F-4D70-9428-48B4EB78E216}.Release|Any CPU.Build.0 = Release|Any CPU
		{67E68638-F07F-4D70-9428-48B4EB78E216}.Release|ARM.ActiveCfg = Release|Any CPU
		{67E68638-F07F-4D70-9428-48B4EB78E216}.Release|x86.ActiveCfg = Release|Any CPU
		{5B10A194-2518-4A21-B20D-67B33464D898}.Debug|Any CPU.ActiveCfg = Debug|Any CPU
		{5B10A194-2518-4A21-B20D-67B33464D898}.Debug|Any CPU.Build.0 = Debug|Any CPU
		{5B10A194-2518-4A21-B20D-67B33464D898}.Debug|ARM.ActiveCfg = Debug|Any CPU
		{5B10A194-2518-4A21-B20D-67B33464D898}.Debug|x86.ActiveCfg = Debug|Any CPU
		{5B10A194-2518-4A21-B20D-67B33464D898}.Release|Any CPU.ActiveCfg = Release|Any CPU
		{5B10A194-2518-4A21-B20D-67B33464D898}.Release|Any CPU.Build.0 = Release|Any CPU
		{5B10A194-2518-4A21-B20D-67B33464D898}.Release|ARM.ActiveCfg = Release|Any CPU
		{5B10A194-2518-4A21-B20D-67B33464D898}.Release|x86.ActiveCfg = Release|Any CPU
		{8231B2FC-08CA-4852-A0A7-71B42D8B5967}.Debug|Any CPU.ActiveCfg = Debug|Any CPU
		{8231B2FC-08CA-4852-A0A7-71B42D8B5967}.Debug|Any CPU.Build.0 = Debug|Any CPU
		{8231B2FC-08CA-4852-A0A7-71B42D8B5967}.Debug|ARM.ActiveCfg = Debug|Any CPU
		{8231B2FC-08CA-4852-A0A7-71B42D8B5967}.Debug|x86.ActiveCfg = Debug|Any CPU
		{8231B2FC-08CA-4852-A0A7-71B42D8B5967}.Release|Any CPU.ActiveCfg = Release|Any CPU
		{8231B2FC-08CA-4852-A0A7-71B42D8B5967}.Release|Any CPU.Build.0 = Release|Any CPU
		{8231B2FC-08CA-4852-A0A7-71B42D8B5967}.Release|ARM.ActiveCfg = Release|Any CPU
		{8231B2FC-08CA-4852-A0A7-71B42D8B5967}.Release|x86.ActiveCfg = Release|Any CPU
	EndGlobalSection
	GlobalSection(SolutionProperties) = preSolution
		HideSolutionNode = FALSE
	EndGlobalSection
	GlobalSection(NestedProjects) = preSolution
		{4442D124-778C-4357-9EF0-AF1BFA811287} = {D6F640AF-CDA9-4897-BC87-F5DAB4DFE002}
		{9D226268-F5BE-4168-9309-CE7862C7D73A} = {D6F640AF-CDA9-4897-BC87-F5DAB4DFE002}
		{53875A93-536E-40F3-BA42-20C13A4CF6EA} = {D6F640AF-CDA9-4897-BC87-F5DAB4DFE002}
		{8B872858-B634-4AF6-8A14-A81D24885C5B} = {D6F640AF-CDA9-4897-BC87-F5DAB4DFE002}
		{70CDA7A6-B968-470E-8A36-FEC361D0CEE9} = {D6F640AF-CDA9-4897-BC87-F5DAB4DFE002}
		{42CDCE42-CD6F-4856-8F7A-A334AA4170AB} = {D6F640AF-CDA9-4897-BC87-F5DAB4DFE002}
		{C4C0C785-BE10-48FF-9802-C1E09A1BE8A6} = {D6F640AF-CDA9-4897-BC87-F5DAB4DFE002}
		{67E68638-F07F-4D70-9428-48B4EB78E216} = {9A7A023E-1EE6-4B9C-9F11-F25A2AD2E82B}
		{5B10A194-2518-4A21-B20D-67B33464D898} = {D6F640AF-CDA9-4897-BC87-F5DAB4DFE002}
		{8231B2FC-08CA-4852-A0A7-71B42D8B5967} = {9A7A023E-1EE6-4B9C-9F11-F25A2AD2E82B}
	EndGlobalSection
EndGlobal
